
Microsoft Visual Studio Solution File, Format Version 12.00
# Visual Studio Version 16
VisualStudioVersion = 16.0.29102.190
MinimumVisualStudioVersion = 10.0.40219.1
Project("{9A19103F-16F7-4668-BE54-9A1E7A4F7556}") = "scraper-function", "scraper-function\scraper-function.csproj", "{317CEEAF-6EC6-4C8C-A699-72556D410B36}"
EndProject
Project("{FAE04EC0-301F-11D3-BF4B-00C04F79EFBC}") = "telegram-sender", "telegram-sender\telegram-sender.csproj", "{F4A39523-A68B-4CA1-87D3-47E31AAC9FC8}"
EndProject
Global
	GlobalSection(SolutionConfigurationPlatforms) = preSolution
		Debug|Any CPU = Debug|Any CPU
		Release|Any CPU = Release|Any CPU
	EndGlobalSection
	GlobalSection(ProjectConfigurationPlatforms) = postSolution
		{317CEEAF-6EC6-4C8C-A699-72556D410B36}.Debug|Any CPU.ActiveCfg = Debug|Any CPU
		{317CEEAF-6EC6-4C8C-A699-72556D410B36}.Debug|Any CPU.Build.0 = Debug|Any CPU
		{317CEEAF-6EC6-4C8C-A699-72556D410B36}.Release|Any CPU.ActiveCfg = Release|Any CPU
		{317CEEAF-6EC6-4C8C-A699-72556D410B36}.Release|Any CPU.Build.0 = Release|Any CPU
		{F4A39523-A68B-4CA1-87D3-47E31AAC9FC8}.Debug|Any CPU.ActiveCfg = Debug|Any CPU
		{F4A39523-A68B-4CA1-87D3-47E31AAC9FC8}.Debug|Any CPU.Build.0 = Debug|Any CPU
		{F4A39523-A68B-4CA1-87D3-47E31AAC9FC8}.Release|Any CPU.ActiveCfg = Release|Any CPU
		{F4A39523-A68B-4CA1-87D3-47E31AAC9FC8}.Release|Any CPU.Build.0 = Release|Any CPU
	EndGlobalSection
	GlobalSection(SolutionProperties) = preSolution
		HideSolutionNode = FALSE
	EndGlobalSection
	GlobalSection(ExtensibilityGlobals) = postSolution
		SolutionGuid = {BD019E2C-6858-4D53-89B3-557B026C8400}
	EndGlobalSection
EndGlobal
